
Microsoft Visual Studio Solution File, Format Version 12.00
# Visual Studio Version 16
VisualStudioVersion = 16.0.31321.278
MinimumVisualStudioVersion = 10.0.40219.1
Project("{9A19103F-16F7-4668-BE54-9A1E7A4F7556}") = "myDadApp", "myDadApp\myDadApp.csproj", "{1AEC6D29-958F-45E6-8527-4D150E5C7708}"
EndProject
Project("{151D2E53-A2C4-4D7D-83FE-D05416EBD58E}") = "myDeploy", "myDeploy\myDeploy.deployproj", "{30948F7A-C497-483D-B18D-7A42AFF04D37}"
EndProject
Project("{151D2E53-A2C4-4D7D-83FE-D05416EBD58E}") = "myNextDeploy", "myNextDeploy\myNextDeploy.deployproj", "{CF3846BE-05CD-477A-B9B7-20A397D4E089}"
EndProject
Global
	GlobalSection(SolutionConfigurationPlatforms) = preSolution
		Debug|Any CPU = Debug|Any CPU
		Release|Any CPU = Release|Any CPU
	EndGlobalSection
	GlobalSection(ProjectConfigurationPlatforms) = postSolution
		{1AEC6D29-958F-45E6-8527-4D150E5C7708}.Debug|Any CPU.ActiveCfg = Debug|Any CPU
		{1AEC6D29-958F-45E6-8527-4D150E5C7708}.Debug|Any CPU.Build.0 = Debug|Any CPU
		{1AEC6D29-958F-45E6-8527-4D150E5C7708}.Release|Any CPU.ActiveCfg = Release|Any CPU
		{1AEC6D29-958F-45E6-8527-4D150E5C7708}.Release|Any CPU.Build.0 = Release|Any CPU
		{30948F7A-C497-483D-B18D-7A42AFF04D37}.Debug|Any CPU.ActiveCfg = Debug|Any CPU
		{30948F7A-C497-483D-B18D-7A42AFF04D37}.Debug|Any CPU.Build.0 = Debug|Any CPU
		{30948F7A-C497-483D-B18D-7A42AFF04D37}.Release|Any CPU.ActiveCfg = Release|Any CPU
		{30948F7A-C497-483D-B18D-7A42AFF04D37}.Release|Any CPU.Build.0 = Release|Any CPU
		{CF3846BE-05CD-477A-B9B7-20A397D4E089}.Debug|Any CPU.ActiveCfg = Debug|Any CPU
		{CF3846BE-05CD-477A-B9B7-20A397D4E089}.Debug|Any CPU.Build.0 = Debug|Any CPU
		{CF3846BE-05CD-477A-B9B7-20A397D4E089}.Release|Any CPU.ActiveCfg = Release|Any CPU
		{CF3846BE-05CD-477A-B9B7-20A397D4E089}.Release|Any CPU.Build.0 = Release|Any CPU
	EndGlobalSection
	GlobalSection(SolutionProperties) = preSolution
		HideSolutionNode = FALSE
	EndGlobalSection
	GlobalSection(ExtensibilityGlobals) = postSolution
		SolutionGuid = {98F2D6B0-5401-4FED-8343-6783158BC147}
	EndGlobalSection
EndGlobal
